
Microsoft Visual Studio Solution File, Format Version 12.00
# Visual Studio Version 16
VisualStudioVersion = 16.0.31005.135
MinimumVisualStudioVersion = 10.0.40219.1
Project("{FAE04EC0-301F-11D3-BF4B-00C04F79EFBC}") = "HomeWork2", "HomeWork2\HomeWork2.csproj", "{43CB2E0B-A126-4015-9AD3-7790173B76D1}"
EndProject
Project("{FAE04EC0-301F-11D3-BF4B-00C04F79EFBC}") = "HomeWork1", "HomeWork1\HomeWork1.csproj", "{80501D3B-8AB2-4813-AFE9-ED137AFFDD70}"
EndProject
Project("{FAE04EC0-301F-11D3-BF4B-00C04F79EFBC}") = "HomeWork3", "HomeWork3\HomeWork3.csproj", "{06B6FBE7-1715-468B-8197-3543EF4A7027}"
EndProject
Project("{FAE04EC0-301F-11D3-BF4B-00C04F79EFBC}") = "HomeWork4", "HomeWork4\HomeWork4.csproj", "{F6E7E16A-A794-4B97-ADF6-A62C004CA223}"
EndProject
Project("{FAE04EC0-301F-11D3-BF4B-00C04F79EFBC}") = "HomeWork5", "HomeWork5\HomeWork5.csproj", "{5D4F2A38-7099-4331-9D63-6818E63A1597}"
EndProject
Project("{FAE04EC0-301F-11D3-BF4B-00C04F79EFBC}") = "HomeWork6", "HomeWork6\HomeWork6.csproj", "{D8EE1B02-FA31-40F4-8423-E3FF285011AA}"
EndProject
Project("{FAE04EC0-301F-11D3-BF4B-00C04F79EFBC}") = "HomeWork7", "HomeWork7\HomeWork7.csproj", "{9F680838-7426-4000-A8C6-DCBA6EF44519}"
EndProject
Project("{FAE04EC0-301F-11D3-BF4B-00C04F79EFBC}") = "HomeWork8", "HomeWork8\HomeWork8.csproj", "{BEC7794E-D403-41E9-96A7-C48EF0182A04}"
EndProject
Project("{FAE04EC0-301F-11D3-BF4B-00C04F79EFBC}") = "HomeWork9", "HomeWork9\HomeWork9.csproj", "{1EA042F3-1FA0-4D90-8ADB-855C44156DEA}"
EndProject
Project("{FAE04EC0-301F-11D3-BF4B-00C04F79EFBC}") = "WPF-HW1", "WPF-HW1\WPF-HW1.csproj", "{571C1B54-B8E1-4D13-9C4B-37D883BC7214}"
EndProject
Project("{FAE04EC0-301F-11D3-BF4B-00C04F79EFBC}") = "WPF-HW2", "WPF-HW2\WPF-HW2.csproj", "{936A896D-7018-4FCD-8821-8C32B5875774}"
EndProject
Project("{FAE04EC0-301F-11D3-BF4B-00C04F79EFBC}") = "WPF-HW3", "WPF-HW3\WPF-HW3.csproj", "{63F751F0-39CA-403D-892A-2F6FA162C67B}"
EndProject
Global
	GlobalSection(SolutionConfigurationPlatforms) = preSolution
		Debug|Any CPU = Debug|Any CPU
		Release|Any CPU = Release|Any CPU
	EndGlobalSection
	GlobalSection(ProjectConfigurationPlatforms) = postSolution
		{43CB2E0B-A126-4015-9AD3-7790173B76D1}.Debug|Any CPU.ActiveCfg = Debug|Any CPU
		{43CB2E0B-A126-4015-9AD3-7790173B76D1}.Debug|Any CPU.Build.0 = Debug|Any CPU
		{43CB2E0B-A126-4015-9AD3-7790173B76D1}.Release|Any CPU.ActiveCfg = Release|Any CPU
		{43CB2E0B-A126-4015-9AD3-7790173B76D1}.Release|Any CPU.Build.0 = Release|Any CPU
		{80501D3B-8AB2-4813-AFE9-ED137AFFDD70}.Debug|Any CPU.ActiveCfg = Debug|Any CPU
		{80501D3B-8AB2-4813-AFE9-ED137AFFDD70}.Debug|Any CPU.Build.0 = Debug|Any CPU
		{80501D3B-8AB2-4813-AFE9-ED137AFFDD70}.Release|Any CPU.ActiveCfg = Release|Any CPU
		{80501D3B-8AB2-4813-AFE9-ED137AFFDD70}.Release|Any CPU.Build.0 = Release|Any CPU
		{06B6FBE7-1715-468B-8197-3543EF4A7027}.Debug|Any CPU.ActiveCfg = Debug|Any CPU
		{06B6FBE7-1715-468B-8197-3543EF4A7027}.Debug|Any CPU.Build.0 = Debug|Any CPU
		{06B6FBE7-1715-468B-8197-3543EF4A7027}.Release|Any CPU.ActiveCfg = Release|Any CPU
		{06B6FBE7-1715-468B-8197-3543EF4A7027}.Release|Any CPU.Build.0 = Release|Any CPU
		{F6E7E16A-A794-4B97-ADF6-A62C004CA223}.Debug|Any CPU.ActiveCfg = Debug|Any CPU
		{F6E7E16A-A794-4B97-ADF6-A62C004CA223}.Debug|Any CPU.Build.0 = Debug|Any CPU
		{F6E7E16A-A794-4B97-ADF6-A62C004CA223}.Release|Any CPU.ActiveCfg = Release|Any CPU
		{F6E7E16A-A794-4B97-ADF6-A62C004CA223}.Release|Any CPU.Build.0 = Release|Any CPU
		{5D4F2A38-7099-4331-9D63-6818E63A1597}.Debug|Any CPU.ActiveCfg = Debug|Any CPU
		{5D4F2A38-7099-4331-9D63-6818E63A1597}.Debug|Any CPU.Build.0 = Debug|Any CPU
		{5D4F2A38-7099-4331-9D63-6818E63A1597}.Release|Any CPU.ActiveCfg = Release|Any CPU
		{5D4F2A38-7099-4331-9D63-6818E63A1597}.Release|Any CPU.Build.0 = Release|Any CPU
		{D8EE1B02-FA31-40F4-8423-E3FF285011AA}.Debug|Any CPU.ActiveCfg = Debug|Any CPU
		{D8EE1B02-FA31-40F4-8423-E3FF285011AA}.Debug|Any CPU.Build.0 = Debug|Any CPU
		{D8EE1B02-FA31-40F4-8423-E3FF285011AA}.Release|Any CPU.ActiveCfg = Release|Any CPU
		{D8EE1B02-FA31-40F4-8423-E3FF285011AA}.Release|Any CPU.Build.0 = Release|Any CPU
		{9F680838-7426-4000-A8C6-DCBA6EF44519}.Debug|Any CPU.ActiveCfg = Debug|Any CPU
		{9F680838-7426-4000-A8C6-DCBA6EF44519}.Debug|Any CPU.Build.0 = Debug|Any CPU
		{9F680838-7426-4000-A8C6-DCBA6EF44519}.Release|Any CPU.ActiveCfg = Release|Any CPU
		{9F680838-7426-4000-A8C6-DCBA6EF44519}.Release|Any CPU.Build.0 = Release|Any CPU
		{BEC7794E-D403-41E9-96A7-C48EF0182A04}.Debug|Any CPU.ActiveCfg = Debug|Any CPU
		{BEC7794E-D403-41E9-96A7-C48EF0182A04}.Debug|Any CPU.Build.0 = Debug|Any CPU
		{BEC7794E-D403-41E9-96A7-C48EF0182A04}.Release|Any CPU.ActiveCfg = Release|Any CPU
		{BEC7794E-D403-41E9-96A7-C48EF0182A04}.Release|Any CPU.Build.0 = Release|Any CPU
		{1EA042F3-1FA0-4D90-8ADB-855C44156DEA}.Debug|Any CPU.ActiveCfg = Debug|Any CPU
		{1EA042F3-1FA0-4D90-8ADB-855C44156DEA}.Debug|Any CPU.Build.0 = Debug|Any CPU
		{1EA042F3-1FA0-4D90-8ADB-855C44156DEA}.Release|Any CPU.ActiveCfg = Release|Any CPU
		{1EA042F3-1FA0-4D90-8ADB-855C44156DEA}.Release|Any CPU.Build.0 = Release|Any CPU
		{571C1B54-B8E1-4D13-9C4B-37D883BC7214}.Debug|Any CPU.ActiveCfg = Debug|Any CPU
		{571C1B54-B8E1-4D13-9C4B-37D883BC7214}.Debug|Any CPU.Build.0 = Debug|Any CPU
		{571C1B54-B8E1-4D13-9C4B-37D883BC7214}.Release|Any CPU.ActiveCfg = Release|Any CPU
		{571C1B54-B8E1-4D13-9C4B-37D883BC7214}.Release|Any CPU.Build.0 = Release|Any CPU
		{936A896D-7018-4FCD-8821-8C32B5875774}.Debug|Any CPU.ActiveCfg = Debug|Any CPU
		{936A896D-7018-4FCD-8821-8C32B5875774}.Debug|Any CPU.Build.0 = Debug|Any CPU
		{936A896D-7018-4FCD-8821-8C32B5875774}.Release|Any CPU.ActiveCfg = Release|Any CPU
		{936A896D-7018-4FCD-8821-8C32B5875774}.Release|Any CPU.Build.0 = Release|Any CPU
		{63F751F0-39CA-403D-892A-2F6FA162C67B}.Debug|Any CPU.ActiveCfg = Debug|Any CPU
		{63F751F0-39CA-403D-892A-2F6FA162C67B}.Debug|Any CPU.Build.0 = Debug|Any CPU
		{63F751F0-39CA-403D-892A-2F6FA162C67B}.Release|Any CPU.ActiveCfg = Release|Any CPU
		{63F751F0-39CA-403D-892A-2F6FA162C67B}.Release|Any CPU.Build.0 = Release|Any CPU
	EndGlobalSection
	GlobalSection(SolutionProperties) = preSolution
		HideSolutionNode = FALSE
	EndGlobalSection
	GlobalSection(ExtensibilityGlobals) = postSolution
		SolutionGuid = {47638277-0496-4D87-B851-D84A5DECC264}
	EndGlobalSection
EndGlobal
